// !$*UTF8*$!
{
	archiveVersion = 1;
	classes = {
	};
	objectVersion = 46;
	objects = {

/* Begin PBXBuildFile section */
		6AAA5E0815959EAC00CE2781 /* Foundation.framework in Frameworks */ = {isa = PBXBuildFile; fileRef = 6AAA5E0715959EAC00CE2781 /* Foundation.framework */; };
		6AAA5E0A15959EAC00CE2781 /* UIKit.framework in Frameworks */ = {isa = PBXBuildFile; fileRef = 6AAA5E0915959EAC00CE2781 /* UIKit.framework */; };
		6AAA5E0C15959EAC00CE2781 /* CoreGraphics.framework in Frameworks */ = {isa = PBXBuildFile; fileRef = 6AAA5E0B15959EAC00CE2781 /* CoreGraphics.framework */; };
		6AAA5E0E15959EAC00CE2781 /* AddressBook.framework in Frameworks */ = {isa = PBXBuildFile; fileRef = 6AAA5E0D15959EAC00CE2781 /* AddressBook.framework */; };
		6AAA5E1015959EAC00CE2781 /* AddressBookUI.framework in Frameworks */ = {isa = PBXBuildFile; fileRef = 6AAA5E0F15959EAC00CE2781 /* AddressBookUI.framework */; };
		6AAA5E1215959EAC00CE2781 /* AudioToolbox.framework in Frameworks */ = {isa = PBXBuildFile; fileRef = 6AAA5E1115959EAC00CE2781 /* AudioToolbox.framework */; };
		6AAA5E1415959EAC00CE2781 /* AVFoundation.framework in Frameworks */ = {isa = PBXBuildFile; fileRef = 6AAA5E1315959EAC00CE2781 /* AVFoundation.framework */; };
		6AAA5E1615959EAC00CE2781 /* CoreLocation.framework in Frameworks */ = {isa = PBXBuildFile; fileRef = 6AAA5E1515959EAC00CE2781 /* CoreLocation.framework */; };
		6AAA5E1815959EAC00CE2781 /* MediaPlayer.framework in Frameworks */ = {isa = PBXBuildFile; fileRef = 6AAA5E1715959EAC00CE2781 /* MediaPlayer.framework */; };
		6AAA5E1A15959EAC00CE2781 /* QuartzCore.framework in Frameworks */ = {isa = PBXBuildFile; fileRef = 6AAA5E1915959EAC00CE2781 /* QuartzCore.framework */; };
		6AAA5E1C15959EAC00CE2781 /* SystemConfiguration.framework in Frameworks */ = {isa = PBXBuildFile; fileRef = 6AAA5E1B15959EAC00CE2781 /* SystemConfiguration.framework */; };
		6AAA5E1E15959EAC00CE2781 /* MobileCoreServices.framework in Frameworks */ = {isa = PBXBuildFile; fileRef = 6AAA5E1D15959EAC00CE2781 /* MobileCoreServices.framework */; };
		6AAA5E2015959EAC00CE2781 /* CoreMedia.framework in Frameworks */ = {isa = PBXBuildFile; fileRef = 6AAA5E1F15959EAC00CE2781 /* CoreMedia.framework */; };
		6AAA5E2615959EAC00CE2781 /* InfoPlist.strings in Resources */ = {isa = PBXBuildFile; fileRef = 6AAA5E2415959EAC00CE2781 /* InfoPlist.strings */; };
		6AAA5E2815959EAC00CE2781 /* main.m in Sources */ = {isa = PBXBuildFile; fileRef = 6AAA5E2715959EAC00CE2781 /* main.m */; };
		6AAA5E2B15959EAC00CE2781 /* Cordova.framework in Frameworks */ = {isa = PBXBuildFile; fileRef = 6AAA5E2A15959EAC00CE2781 /* Cordova.framework */; };
		6AAA5E3015959EAC00CE2781 /* Localizable.strings in Resources */ = {isa = PBXBuildFile; fileRef = 6AAA5E2E15959EAC00CE2781 /* Localizable.strings */; };
		6AAA5E3415959EAC00CE2781 /* Localizable.strings in Resources */ = {isa = PBXBuildFile; fileRef = 6AAA5E3215959EAC00CE2781 /* Localizable.strings */; };
		6AAA5E3815959EAC00CE2781 /* Localizable.strings in Resources */ = {isa = PBXBuildFile; fileRef = 6AAA5E3615959EAC00CE2781 /* Localizable.strings */; };
		6AAA5E3C15959EAC00CE2781 /* Localizable.strings in Resources */ = {isa = PBXBuildFile; fileRef = 6AAA5E3A15959EAC00CE2781 /* Localizable.strings */; };
		6AAA5E3F15959EAC00CE2781 /* icon.png in Resources */ = {isa = PBXBuildFile; fileRef = 6AAA5E3E15959EAC00CE2781 /* icon.png */; };
		6AAA5E4115959EAC00CE2781 /* icon@2x.png in Resources */ = {isa = PBXBuildFile; fileRef = 6AAA5E4015959EAC00CE2781 /* icon@2x.png */; };
		6AAA5E4315959EAC00CE2781 /* icon-72.png in Resources */ = {isa = PBXBuildFile; fileRef = 6AAA5E4215959EAC00CE2781 /* icon-72.png */; };
		6AAA5E4615959EAC00CE2781 /* Default~iphone.png in Resources */ = {isa = PBXBuildFile; fileRef = 6AAA5E4515959EAC00CE2781 /* Default~iphone.png */; };
		6AAA5E4815959EAC00CE2781 /* Default@2x~iphone.png in Resources */ = {isa = PBXBuildFile; fileRef = 6AAA5E4715959EAC00CE2781 /* Default@2x~iphone.png */; };
		6AAA5E4A15959EAC00CE2781 /* Capture.bundle in Resources */ = {isa = PBXBuildFile; fileRef = 6AAA5E4915959EAC00CE2781 /* Capture.bundle */; };
		6AAA5E4C15959EAC00CE2781 /* Cordova.plist in Resources */ = {isa = PBXBuildFile; fileRef = 6AAA5E4B15959EAC00CE2781 /* Cordova.plist */; };
		6AAA5E5015959EAC00CE2781 /* AppDelegate.m in Sources */ = {isa = PBXBuildFile; fileRef = 6AAA5E4F15959EAC00CE2781 /* AppDelegate.m */; };
		6AAA5E5315959EAC00CE2781 /* MainViewController.m in Sources */ = {isa = PBXBuildFile; fileRef = 6AAA5E5215959EAC00CE2781 /* MainViewController.m */; };
		6AAA5E5515959EAC00CE2781 /* MainViewController.xib in Resources */ = {isa = PBXBuildFile; fileRef = 6AAA5E5415959EAC00CE2781 /* MainViewController.xib */; };
/* End PBXBuildFile section */

/* Begin PBXFileReference section */
		6AAA5E0315959EAC00CE2781 /* MCRooster.app */ = {isa = PBXFileReference; explicitFileType = wrapper.application; includeInIndex = 0; path = MCRooster.app; sourceTree = BUILT_PRODUCTS_DIR; };
		6AAA5E0715959EAC00CE2781 /* Foundation.framework */ = {isa = PBXFileReference; lastKnownFileType = wrapper.framework; name = Foundation.framework; path = System/Library/Frameworks/Foundation.framework; sourceTree = SDKROOT; };
		6AAA5E0915959EAC00CE2781 /* UIKit.framework */ = {isa = PBXFileReference; lastKnownFileType = wrapper.framework; name = UIKit.framework; path = System/Library/Frameworks/UIKit.framework; sourceTree = SDKROOT; };
		6AAA5E0B15959EAC00CE2781 /* CoreGraphics.framework */ = {isa = PBXFileReference; lastKnownFileType = wrapper.framework; name = CoreGraphics.framework; path = System/Library/Frameworks/CoreGraphics.framework; sourceTree = SDKROOT; };
		6AAA5E0D15959EAC00CE2781 /* AddressBook.framework */ = {isa = PBXFileReference; lastKnownFileType = wrapper.framework; name = AddressBook.framework; path = System/Library/Frameworks/AddressBook.framework; sourceTree = SDKROOT; };
		6AAA5E0F15959EAC00CE2781 /* AddressBookUI.framework */ = {isa = PBXFileReference; lastKnownFileType = wrapper.framework; name = AddressBookUI.framework; path = System/Library/Frameworks/AddressBookUI.framework; sourceTree = SDKROOT; };
		6AAA5E1115959EAC00CE2781 /* AudioToolbox.framework */ = {isa = PBXFileReference; lastKnownFileType = wrapper.framework; name = AudioToolbox.framework; path = System/Library/Frameworks/AudioToolbox.framework; sourceTree = SDKROOT; };
		6AAA5E1315959EAC00CE2781 /* AVFoundation.framework */ = {isa = PBXFileReference; lastKnownFileType = wrapper.framework; name = AVFoundation.framework; path = System/Library/Frameworks/AVFoundation.framework; sourceTree = SDKROOT; };
		6AAA5E1515959EAC00CE2781 /* CoreLocation.framework */ = {isa = PBXFileReference; lastKnownFileType = wrapper.framework; name = CoreLocation.framework; path = System/Library/Frameworks/CoreLocation.framework; sourceTree = SDKROOT; };
		6AAA5E1715959EAC00CE2781 /* MediaPlayer.framework */ = {isa = PBXFileReference; lastKnownFileType = wrapper.framework; name = MediaPlayer.framework; path = System/Library/Frameworks/MediaPlayer.framework; sourceTree = SDKROOT; };
		6AAA5E1915959EAC00CE2781 /* QuartzCore.framework */ = {isa = PBXFileReference; lastKnownFileType = wrapper.framework; name = QuartzCore.framework; path = System/Library/Frameworks/QuartzCore.framework; sourceTree = SDKROOT; };
		6AAA5E1B15959EAC00CE2781 /* SystemConfiguration.framework */ = {isa = PBXFileReference; lastKnownFileType = wrapper.framework; name = SystemConfiguration.framework; path = System/Library/Frameworks/SystemConfiguration.framework; sourceTree = SDKROOT; };
		6AAA5E1D15959EAC00CE2781 /* MobileCoreServices.framework */ = {isa = PBXFileReference; lastKnownFileType = wrapper.framework; name = MobileCoreServices.framework; path = System/Library/Frameworks/MobileCoreServices.framework; sourceTree = SDKROOT; };
		6AAA5E1F15959EAC00CE2781 /* CoreMedia.framework */ = {isa = PBXFileReference; lastKnownFileType = wrapper.framework; name = CoreMedia.framework; path = System/Library/Frameworks/CoreMedia.framework; sourceTree = SDKROOT; };
		6AAA5E2315959EAC00CE2781 /* MCRooster-Info.plist */ = {isa = PBXFileReference; lastKnownFileType = text.plist.xml; path = "MCRooster-Info.plist"; sourceTree = "<group>"; };
		6AAA5E2515959EAC00CE2781 /* en */ = {isa = PBXFileReference; lastKnownFileType = text.plist.strings; name = en; path = en.lproj/InfoPlist.strings; sourceTree = "<group>"; };
		6AAA5E2715959EAC00CE2781 /* main.m */ = {isa = PBXFileReference; lastKnownFileType = sourcecode.c.objc; path = main.m; sourceTree = "<group>"; };
		6AAA5E2915959EAC00CE2781 /* MCRooster-Prefix.pch */ = {isa = PBXFileReference; lastKnownFileType = sourcecode.c.h; path = "MCRooster-Prefix.pch"; sourceTree = "<group>"; };
		6AAA5E2A15959EAC00CE2781 /* Cordova.framework */ = {isa = PBXFileReference; lastKnownFileType = wrapper.framework; name = Cordova.framework; path = /Users/Shared/Cordova/Frameworks/Cordova.framework; sourceTree = "<absolute>"; };
		6AAA5E2F15959EAC00CE2781 /* en */ = {isa = PBXFileReference; lastKnownFileType = text.plist.strings; name = en; path = Resources/en.lproj/Localizable.strings; sourceTree = "<group>"; };
		6AAA5E3315959EAC00CE2781 /* es */ = {isa = PBXFileReference; lastKnownFileType = text.plist.strings; name = es; path = Resources/es.lproj/Localizable.strings; sourceTree = "<group>"; };
		6AAA5E3715959EAC00CE2781 /* de */ = {isa = PBXFileReference; lastKnownFileType = text.plist.strings; name = de; path = Resources/de.lproj/Localizable.strings; sourceTree = "<group>"; };
		6AAA5E3B15959EAC00CE2781 /* se */ = {isa = PBXFileReference; lastKnownFileType = text.plist.strings; name = se; path = Resources/se.lproj/Localizable.strings; sourceTree = "<group>"; };
		6AAA5E3E15959EAC00CE2781 /* icon.png */ = {isa = PBXFileReference; lastKnownFileType = image.png; name = icon.png; path = Resources/icons/icon.png; sourceTree = "<group>"; };
		6AAA5E4015959EAC00CE2781 /* icon@2x.png */ = {isa = PBXFileReference; lastKnownFileType = image.png; name = "icon@2x.png"; path = "Resources/icons/icon@2x.png"; sourceTree = "<group>"; };
		6AAA5E4215959EAC00CE2781 /* icon-72.png */ = {isa = PBXFileReference; lastKnownFileType = image.png; name = "icon-72.png"; path = "Resources/icons/icon-72.png"; sourceTree = "<group>"; };
		6AAA5E4515959EAC00CE2781 /* Default~iphone.png */ = {isa = PBXFileReference; lastKnownFileType = image.png; name = "Default~iphone.png"; path = "Resources/splash/Default~iphone.png"; sourceTree = "<group>"; };
		6AAA5E4715959EAC00CE2781 /* Default@2x~iphone.png */ = {isa = PBXFileReference; lastKnownFileType = image.png; name = "Default@2x~iphone.png"; path = "Resources/splash/Default@2x~iphone.png"; sourceTree = "<group>"; };
		6AAA5E4915959EAC00CE2781 /* Capture.bundle */ = {isa = PBXFileReference; lastKnownFileType = "wrapper.plug-in"; name = Capture.bundle; path = Resources/Capture.bundle; sourceTree = "<group>"; };
		6AAA5E4B15959EAC00CE2781 /* Cordova.plist */ = {isa = PBXFileReference; lastKnownFileType = text.plist.xml; path = Cordova.plist; sourceTree = "<group>"; };
		6AAA5E4E15959EAC00CE2781 /* AppDelegate.h */ = {isa = PBXFileReference; lastKnownFileType = sourcecode.c.h; name = AppDelegate.h; path = Classes/AppDelegate.h; sourceTree = "<group>"; };
		6AAA5E4F15959EAC00CE2781 /* AppDelegate.m */ = {isa = PBXFileReference; lastKnownFileType = sourcecode.c.objc; name = AppDelegate.m; path = Classes/AppDelegate.m; sourceTree = "<group>"; };
		6AAA5E5115959EAC00CE2781 /* MainViewController.h */ = {isa = PBXFileReference; lastKnownFileType = sourcecode.c.h; name = MainViewController.h; path = Classes/MainViewController.h; sourceTree = "<group>"; };
		6AAA5E5215959EAC00CE2781 /* MainViewController.m */ = {isa = PBXFileReference; lastKnownFileType = sourcecode.c.objc; name = MainViewController.m; path = Classes/MainViewController.m; sourceTree = "<group>"; };
		6AAA5E5415959EAC00CE2781 /* MainViewController.xib */ = {isa = PBXFileReference; lastKnownFileType = file.xib; name = MainViewController.xib; path = Classes/MainViewController.xib; sourceTree = "<group>"; };
		6AAA5E5715959EAC00CE2781 /* README */ = {isa = PBXFileReference; lastKnownFileType = text; name = README; path = Plugins/README; sourceTree = "<group>"; };
		6AAA5E5815959EAC00CE2781 /* verify.sh */ = {isa = PBXFileReference; lastKnownFileType = text.script.sh; path = verify.sh; sourceTree = "<group>"; };
/* End PBXFileReference section */

/* Begin PBXFrameworksBuildPhase section */
		6AAA5DFD15959EAC00CE2781 /* Frameworks */ = {
			isa = PBXFrameworksBuildPhase;
			buildActionMask = 2147483647;
			files = (
				6AAA5E0815959EAC00CE2781 /* Foundation.framework in Frameworks */,
				6AAA5E0A15959EAC00CE2781 /* UIKit.framework in Frameworks */,
				6AAA5E0C15959EAC00CE2781 /* CoreGraphics.framework in Frameworks */,
				6AAA5E0E15959EAC00CE2781 /* AddressBook.framework in Frameworks */,
				6AAA5E1015959EAC00CE2781 /* AddressBookUI.framework in Frameworks */,
				6AAA5E1215959EAC00CE2781 /* AudioToolbox.framework in Frameworks */,
				6AAA5E1415959EAC00CE2781 /* AVFoundation.framework in Frameworks */,
				6AAA5E1615959EAC00CE2781 /* CoreLocation.framework in Frameworks */,
				6AAA5E1815959EAC00CE2781 /* MediaPlayer.framework in Frameworks */,
				6AAA5E1A15959EAC00CE2781 /* QuartzCore.framework in Frameworks */,
				6AAA5E1C15959EAC00CE2781 /* SystemConfiguration.framework in Frameworks */,
				6AAA5E1E15959EAC00CE2781 /* MobileCoreServices.framework in Frameworks */,
				6AAA5E2015959EAC00CE2781 /* CoreMedia.framework in Frameworks */,
				6AAA5E2B15959EAC00CE2781 /* Cordova.framework in Frameworks */,
			);
			runOnlyForDeploymentPostprocessing = 0;
		};
		6AAA5E0015959EAC00CE2781 /* Frameworks */ = {
			isa = PBXFrameworksBuildPhase;
			buildActionMask = 2147483647;
			files = (
			);
			runOnlyForDeploymentPostprocessing = 0;
		};
/* End PBXFrameworksBuildPhase section */

/* Begin PBXGroup section */
		6AAA5DF515959EAC00CE2781 = {
			isa = PBXGroup;
			children = (
				6AAA5E2115959EAC00CE2781 /* MCRooster */,
				6AAA5E0615959EAC00CE2781 /* Frameworks */,
				6AAA5E0415959EAC00CE2781 /* Products */,
			);
			sourceTree = "<group>";
		};
		6AAA5E0415959EAC00CE2781 /* Products */ = {
			isa = PBXGroup;
			children = (
				6AAA5E0315959EAC00CE2781 /* MCRooster.app */,
			);
			name = Products;
			sourceTree = "<group>";
		};
		6AAA5E0615959EAC00CE2781 /* Frameworks */ = {
			isa = PBXGroup;
			children = (
				6AAA5E0715959EAC00CE2781 /* Foundation.framework */,
				6AAA5E0915959EAC00CE2781 /* UIKit.framework */,
				6AAA5E0B15959EAC00CE2781 /* CoreGraphics.framework */,
				6AAA5E0D15959EAC00CE2781 /* AddressBook.framework */,
				6AAA5E0F15959EAC00CE2781 /* AddressBookUI.framework */,
				6AAA5E1115959EAC00CE2781 /* AudioToolbox.framework */,
				6AAA5E1315959EAC00CE2781 /* AVFoundation.framework */,
				6AAA5E1515959EAC00CE2781 /* CoreLocation.framework */,
				6AAA5E1715959EAC00CE2781 /* MediaPlayer.framework */,
				6AAA5E1915959EAC00CE2781 /* QuartzCore.framework */,
				6AAA5E1B15959EAC00CE2781 /* SystemConfiguration.framework */,
				6AAA5E1D15959EAC00CE2781 /* MobileCoreServices.framework */,
				6AAA5E1F15959EAC00CE2781 /* CoreMedia.framework */,
			);
			name = Frameworks;
			sourceTree = "<group>";
		};
		6AAA5E2115959EAC00CE2781 /* MCRooster */ = {
			isa = PBXGroup;
			children = (
				6AAA5E2A15959EAC00CE2781 /* Cordova.framework */,
				6AAA5E2C15959EAC00CE2781 /* Resources */,
				6AAA5E4D15959EAC00CE2781 /* Classes */,
				6AAA5E5615959EAC00CE2781 /* Plugins */,
				6AAA5E2215959EAC00CE2781 /* Supporting Files */,
			);
			path = MCRooster;
			sourceTree = "<group>";
		};
		6AAA5E2215959EAC00CE2781 /* Supporting Files */ = {
			isa = PBXGroup;
			children = (
				6AAA5E2315959EAC00CE2781 /* MCRooster-Info.plist */,
				6AAA5E2415959EAC00CE2781 /* InfoPlist.strings */,
				6AAA5E2715959EAC00CE2781 /* main.m */,
				6AAA5E2915959EAC00CE2781 /* MCRooster-Prefix.pch */,
				6AAA5E4B15959EAC00CE2781 /* Cordova.plist */,
				6AAA5E5415959EAC00CE2781 /* MainViewController.xib */,
				6AAA5E5815959EAC00CE2781 /* verify.sh */,
			);
			name = "Supporting Files";
			sourceTree = "<group>";
		};
		6AAA5E2C15959EAC00CE2781 /* Resources */ = {
			isa = PBXGroup;
			children = (
				6AAA5E4915959EAC00CE2781 /* Capture.bundle */,
				6AAA5E2D15959EAC00CE2781 /* en.lproj */,
				6AAA5E3115959EAC00CE2781 /* es.lproj */,
				6AAA5E3515959EAC00CE2781 /* de.lproj */,
				6AAA5E3915959EAC00CE2781 /* se.lproj */,
				6AAA5E3D15959EAC00CE2781 /* icons */,
				6AAA5E4415959EAC00CE2781 /* splash */,
			);
			name = Resources;
			sourceTree = "<group>";
		};
		6AAA5E2D15959EAC00CE2781 /* en.lproj */ = {
			isa = PBXGroup;
			children = (
				6AAA5E2E15959EAC00CE2781 /* Localizable.strings */,
			);
			name = en.lproj;
			sourceTree = "<group>";
		};
		6AAA5E3115959EAC00CE2781 /* es.lproj */ = {
			isa = PBXGroup;
			children = (
				6AAA5E3215959EAC00CE2781 /* Localizable.strings */,
			);
			name = es.lproj;
			sourceTree = "<group>";
		};
		6AAA5E3515959EAC00CE2781 /* de.lproj */ = {
			isa = PBXGroup;
			children = (
				6AAA5E3615959EAC00CE2781 /* Localizable.strings */,
			);
			name = de.lproj;
			sourceTree = "<group>";
		};
		6AAA5E3915959EAC00CE2781 /* se.lproj */ = {
			isa = PBXGroup;
			children = (
				6AAA5E3A15959EAC00CE2781 /* Localizable.strings */,
			);
			name = se.lproj;
			sourceTree = "<group>";
		};
		6AAA5E3D15959EAC00CE2781 /* icons */ = {
			isa = PBXGroup;
			children = (
				6AAA5E3E15959EAC00CE2781 /* icon.png */,
				6AAA5E4015959EAC00CE2781 /* icon@2x.png */,
				6AAA5E4215959EAC00CE2781 /* icon-72.png */,
			);
			name = icons;
			sourceTree = "<group>";
		};
		6AAA5E4415959EAC00CE2781 /* splash */ = {
			isa = PBXGroup;
			children = (
				6AAA5E4515959EAC00CE2781 /* Default~iphone.png */,
				6AAA5E4715959EAC00CE2781 /* Default@2x~iphone.png */,
			);
			name = splash;
			sourceTree = "<group>";
		};
		6AAA5E4D15959EAC00CE2781 /* Classes */ = {
			isa = PBXGroup;
			children = (
				6AAA5E4E15959EAC00CE2781 /* AppDelegate.h */,
				6AAA5E4F15959EAC00CE2781 /* AppDelegate.m */,
				6AAA5E5115959EAC00CE2781 /* MainViewController.h */,
				6AAA5E5215959EAC00CE2781 /* MainViewController.m */,
			);
			name = Classes;
			sourceTree = "<group>";
		};
		6AAA5E5615959EAC00CE2781 /* Plugins */ = {
			isa = PBXGroup;
			children = (
				6AAA5E5715959EAC00CE2781 /* README */,
			);
			name = Plugins;
			sourceTree = "<group>";
		};
/* End PBXGroup section */

/* Begin PBXNativeTarget section */
		6AAA5E0215959EAC00CE2781 /* MCRooster */ = {
			isa = PBXNativeTarget;
			buildConfigurationList = 6AAA5E5B15959EAC00CE2781 /* Build configuration list for PBXNativeTarget "MCRooster" */;
			buildPhases = (
				6AAA5DFC15959EAC00CE2781 /* Sources */,
				6AAA5DFD15959EAC00CE2781 /* Frameworks */,
				6AAA5DFE15959EAC00CE2781 /* Resources */,
				6AAA5DFF15959EAC00CE2781 /* Sources */,
				6AAA5E0015959EAC00CE2781 /* Frameworks */,
				6AAA5E0115959EAC00CE2781 /* ShellScript */,
			);
			buildRules = (
			);
			dependencies = (
			);
			name = MCRooster;
			productName = MCRooster;
			productReference = 6AAA5E0315959EAC00CE2781 /* MCRooster.app */;
			productType = "com.apple.product-type.application";
		};
/* End PBXNativeTarget section */

/* Begin PBXProject section */
		6AAA5DF715959EAC00CE2781 /* Project object */ = {
			isa = PBXProject;
			attributes = {
				LastUpgradeCheck = 0450;
				ORGANIZATIONNAME = "Kerri Shotts";
			};
			buildConfigurationList = 6AAA5DFA15959EAC00CE2781 /* Build configuration list for PBXProject "MCRooster" */;
			compatibilityVersion = "Xcode 3.2";
			developmentRegion = English;
			hasScannedForEncodings = 0;
			knownRegions = (
				en,
				es,
				de,
				se,
			);
			mainGroup = 6AAA5DF515959EAC00CE2781;
			productRefGroup = 6AAA5E0415959EAC00CE2781 /* Products */;
			projectDirPath = "";
			projectRoot = "";
			targets = (
				6AAA5E0215959EAC00CE2781 /* MCRooster */,
			);
		};
/* End PBXProject section */

/* Begin PBXResourcesBuildPhase section */
		6AAA5DFE15959EAC00CE2781 /* Resources */ = {
			isa = PBXResourcesBuildPhase;
			buildActionMask = 2147483647;
			files = (
				6AAA5E2615959EAC00CE2781 /* InfoPlist.strings in Resources */,
				6AAA5E3015959EAC00CE2781 /* Localizable.strings in Resources */,
				6AAA5E3415959EAC00CE2781 /* Localizable.strings in Resources */,
				6AAA5E3815959EAC00CE2781 /* Localizable.strings in Resources */,
				6AAA5E3C15959EAC00CE2781 /* Localizable.strings in Resources */,
				6AAA5E3F15959EAC00CE2781 /* icon.png in Resources */,
				6AAA5E4115959EAC00CE2781 /* icon@2x.png in Resources */,
				6AAA5E4315959EAC00CE2781 /* icon-72.png in Resources */,
				6AAA5E4615959EAC00CE2781 /* Default~iphone.png in Resources */,
				6AAA5E4815959EAC00CE2781 /* Default@2x~iphone.png in Resources */,
				6AAA5E4A15959EAC00CE2781 /* Capture.bundle in Resources */,
				6AAA5E4C15959EAC00CE2781 /* Cordova.plist in Resources */,
				6AAA5E5515959EAC00CE2781 /* MainViewController.xib in Resources */,
			);
			runOnlyForDeploymentPostprocessing = 0;
		};
/* End PBXResourcesBuildPhase section */

/* Begin PBXShellScriptBuildPhase section */
		6AAA5E0115959EAC00CE2781 /* ShellScript */ = {
			isa = PBXShellScriptBuildPhase;
			buildActionMask = 2147483647;
			files = (
			);
			inputPaths = (
			);
			outputPaths = (
			);
			runOnlyForDeploymentPostprocessing = 0;
			shellPath = /bin/bash;
			shellScript = "\n\t\t\t\t\t\t\t\tchmod 755 \"$PROJECT_DIR/$PROJECT_NAME/verify.sh\"\n\t\t\t\t\t\t\t\t\"$PROJECT_DIR/$PROJECT_NAME/verify.sh\"\n\t\t\t\t\t";
		};
/* End PBXShellScriptBuildPhase section */

/* Begin PBXSourcesBuildPhase section */
		6AAA5DFC15959EAC00CE2781 /* Sources */ = {
			isa = PBXSourcesBuildPhase;
			buildActionMask = 2147483647;
			files = (
				6AAA5E2815959EAC00CE2781 /* main.m in Sources */,
				6AAA5E5015959EAC00CE2781 /* AppDelegate.m in Sources */,
				6AAA5E5315959EAC00CE2781 /* MainViewController.m in Sources */,
			);
			runOnlyForDeploymentPostprocessing = 0;
		};
		6AAA5DFF15959EAC00CE2781 /* Sources */ = {
			isa = PBXSourcesBuildPhase;
			buildActionMask = 2147483647;
			files = (
			);
			runOnlyForDeploymentPostprocessing = 0;
		};
/* End PBXSourcesBuildPhase section */

/* Begin PBXVariantGroup section */
		6AAA5E2415959EAC00CE2781 /* InfoPlist.strings */ = {
			isa = PBXVariantGroup;
			children = (
				6AAA5E2515959EAC00CE2781 /* en */,
			);
			name = InfoPlist.strings;
			sourceTree = "<group>";
		};
		6AAA5E2E15959EAC00CE2781 /* Localizable.strings */ = {
			isa = PBXVariantGroup;
			children = (
				6AAA5E2F15959EAC00CE2781 /* en */,
			);
			name = Localizable.strings;
			sourceTree = "<group>";
		};
		6AAA5E3215959EAC00CE2781 /* Localizable.strings */ = {
			isa = PBXVariantGroup;
			children = (
				6AAA5E3315959EAC00CE2781 /* es */,
			);
			name = Localizable.strings;
			sourceTree = "<group>";
		};
		6AAA5E3615959EAC00CE2781 /* Localizable.strings */ = {
			isa = PBXVariantGroup;
			children = (
				6AAA5E3715959EAC00CE2781 /* de */,
			);
			name = Localizable.strings;
			sourceTree = "<group>";
		};
		6AAA5E3A15959EAC00CE2781 /* Localizable.strings */ = {
			isa = PBXVariantGroup;
			children = (
				6AAA5E3B15959EAC00CE2781 /* se */,
			);
			name = Localizable.strings;
			sourceTree = "<group>";
		};
/* End PBXVariantGroup section */

/* Begin XCBuildConfiguration section */
		6AAA5E5915959EAC00CE2781 /* Debug */ = {
			isa = XCBuildConfiguration;
			buildSettings = {
				ALWAYS_SEARCH_USER_PATHS = NO;
				ARCHS = (
					armv6,
					"$(ARCHS_STANDARD_32_BIT)",
				);
				CLANG_CXX_LANGUAGE_STANDARD = "gnu++0x";
				CLANG_WARN__DUPLICATE_METHOD_MATCH = YES;
				"CODE_SIGN_IDENTITY[sdk=iphoneos*]" = "iPhone Developer";
				COPY_PHASE_STRIP = NO;
				GCC_C_LANGUAGE_STANDARD = gnu99;
				GCC_DYNAMIC_NO_PIC = NO;
				GCC_OPTIMIZATION_LEVEL = 0;
				GCC_PREPROCESSOR_DEFINITIONS = (
					"DEBUG=1",
					"$(inherited)",
				);
				GCC_SYMBOLS_PRIVATE_EXTERN = NO;
				GCC_VERSION = com.apple.compilers.llvm.clang.1_0;
				GCC_WARN_ABOUT_RETURN_TYPE = YES;
				GCC_WARN_UNINITIALIZED_AUTOS = YES;
				GCC_WARN_UNUSED_VARIABLE = YES;
				IPHONEOS_DEPLOYMENT_TARGET = 3.0;
				SDKROOT = iphoneos;
			};
			name = Debug;
		};
		6AAA5E5A15959EAC00CE2781 /* Release */ = {
			isa = XCBuildConfiguration;
			buildSettings = {
				ALWAYS_SEARCH_USER_PATHS = NO;
				ARCHS = (
					armv6,
					"$(ARCHS_STANDARD_32_BIT)",
				);
				CLANG_CXX_LANGUAGE_STANDARD = "gnu++0x";
				CLANG_WARN__DUPLICATE_METHOD_MATCH = YES;
				"CODE_SIGN_IDENTITY[sdk=iphoneos*]" = "iPhone Developer";
				COPY_PHASE_STRIP = YES;
				GCC_C_LANGUAGE_STANDARD = gnu99;
				GCC_VERSION = com.apple.compilers.llvm.clang.1_0;
				GCC_WARN_ABOUT_RETURN_TYPE = YES;
				GCC_WARN_UNINITIALIZED_AUTOS = YES;
				GCC_WARN_UNUSED_VARIABLE = YES;
				IPHONEOS_DEPLOYMENT_TARGET = 3.0;
				SDKROOT = iphoneos;
				VALIDATE_PRODUCT = YES;
			};
			name = Release;
		};
		6AAA5E5C15959EAC00CE2781 /* Debug */ = {
			isa = XCBuildConfiguration;
			buildSettings = {
				ALWAYS_SEARCH_USER_PATHS = YES;
				COPY_PHASE_STRIP = NO;
				FRAMEWORK_SEARCH_PATHS = /Users/Shared/Cordova/Frameworks;
				GCC_DYNAMIC_NO_PIC = NO;
				GCC_PRECOMPILE_PREFIX_HEADER = YES;
				GCC_PREFIX_HEADER = "MCRooster/MCRooster-Prefix.pch";
				GCC_PREPROCESSOR_DEFINITIONS = (
					"DEBUG=1,",
					"CORDOVA_FRAMEWORK=1",
				);
				INFOPLIST_FILE = "MCRooster/MCRooster-Info.plist";
				OTHER_LDFLAGS = (
					"-weak_framework",
					UIKit,
					"-weak_framework",
					AVFoundation,
					"-weak_framework",
					CoreMedia,
					"-weak-lSystem",
				);
				PRODUCT_NAME = "$(TARGET_NAME)";
				TARGETED_DEVICE_FAMILY = "1,2";
				WRAPPER_EXTENSION = app;
			};
			name = Debug;
		};
		6AAA5E5D15959EAC00CE2781 /* Release */ = {
			isa = XCBuildConfiguration;
			buildSettings = {
				ALWAYS_SEARCH_USER_PATHS = YES;
				COPY_PHASE_STRIP = YES;
				DEBUG_INFORMATION_FORMAT = "dwarf-with-dsym";
				FRAMEWORK_SEARCH_PATHS = /Users/Shared/Cordova/Frameworks;
				GCC_PRECOMPILE_PREFIX_HEADER = YES;
				GCC_PREFIX_HEADER = "MCRooster/MCRooster-Prefix.pch";
				GCC_PREPROCESSOR_DEFINITIONS = (
					"NDEBUG=1,",
					"CORDOVA_FRAMEWORK=1",
				);
				INFOPLIST_FILE = "MCRooster/MCRooster-Info.plist";
				OTHER_LDFLAGS = (
					"-weak_framework",
					UIKit,
					"-weak_framework",
					AVFoundation,
					"-weak_framework",
					CoreMedia,
					"-weak-lSystem",
				);
				PRODUCT_NAME = "$(TARGET_NAME)";
				TARGETED_DEVICE_FAMILY = "1,2";
				VALIDATE_PRODUCT = YES;
				WRAPPER_EXTENSION = app;
			};
			name = Release;
		};
/* End XCBuildConfiguration section */

/* Begin XCConfigurationList section */
		6AAA5DFA15959EAC00CE2781 /* Build configuration list for PBXProject "MCRooster" */ = {
			isa = XCConfigurationList;
			buildConfigurations = (
				6AAA5E5915959EAC00CE2781 /* Debug */,
				6AAA5E5A15959EAC00CE2781 /* Release */,
			);
			defaultConfigurationIsVisible = 0;
			defaultConfigurationName = Release;
		};
		6AAA5E5B15959EAC00CE2781 /* Build configuration list for PBXNativeTarget "MCRooster" */ = {
			isa = XCConfigurationList;
			buildConfigurations = (
				6AAA5E5C15959EAC00CE2781 /* Debug */,
				6AAA5E5D15959EAC00CE2781 /* Release */,
			);
			defaultConfigurationIsVisible = 0;
		};
/* End XCConfigurationList section */
	};
	rootObject = 6AAA5DF715959EAC00CE2781 /* Project object */;
}
